<Solution>
  <Project Path="ColoredItems/ColoredItems.csproj" />
  <Project Path="DuelingTraditions/DuelingTraditions.csproj" />
  <Project Path="HuntingTheManticore/HuntingTheManticore.csproj" />
  <Project Path="PackingInventory/PackingInventory.csproj" />
  <Project Path="RoomCoordinates/RoomCoordinates.csproj" />
  <Project Path="SimulasSoup/SimulasSoup.csproj" />
  <Project Path="SimulasTest/SimulasTest.csproj" />
  <Project Path="TheCard/TheCard.csproj" />
  <Project Path="TheColor/TheColor.csproj" />
  <Project Path="TheFeud/TheFeud.csproj" />
  <Project Path="TheFountainOfObjects/TheFountainOfObjects.csproj" />
  <Project Path="TheLockedDoor/TheLockedDoor.csproj" />
  <Project Path="TheOldRobot/TheOldRobot.csproj" />
  <Project Path="ThePoint/ThePoint.csproj" />
  <Project Path="TicTacToe/TicTacToe.csproj" />
  <Project Path="VinFletchersArrows/VinFletchersArrows.csproj" />
  <Project Path="WarPreparations/WarPreparations.csproj" />
</Solution>
